
PODS:
- DTCoreText (1.3.2):
  - DTFoundation/Core (~> 1.1)
  - DTFoundation/DTHMLParser (~> 1.0)
- DTFoundation/Core (1.1.0)
- DTFoundation/DTHMLParser (1.1.0):
  - DTFoundation/Core
- GCPlaceholderTextView (1.0.1)
- HPGrowingTextView (0.0.1)
- MKNetworkKit (0.87):
  - Reachability (~> 3.1.0)
- Mantle (1.0):
  - libextobjc/EXTKeyPathCoding
  - libextobjc/EXTScope
- Reachability (3.1.0)
- SDWebImage (3.2):
  - SDWebImage/MapKit (= 3.2)
- SDWebImage/MapKit (3.2)
- SVProgressHUD (0.8)
- SVPullToRefresh (0.4.1)
- libextobjc/EXTKeyPathCoding (0.2.5):
  - libextobjc/RuntimeExtensions
- libextobjc/EXTScope (0.2.5):
  - libextobjc/RuntimeExtensions
- libextobjc/RuntimeExtensions (0.2.5)

DEPENDENCIES:
- DTCoreText
- GCPlaceholderTextView
- HPGrowingTextView
- MKNetworkKit
- Mantle
- SDWebImage
- SVProgressHUD
- SVPullToRefresh

SPEC CHECKSUMS:
  DTCoreText: ea0506fd102311311da09a3842170ce07f0a1b29
  DTFoundation/Core: d84efdb26b073826cc526d3b00fcbb5b47ffe176
  DTFoundation/DTHMLParser: d84efdb26b073826cc526d3b00fcbb5b47ffe176
  GCPlaceholderTextView: 5eeef8d07a1dece8fdcd7762dfc21b8e89800838
  HPGrowingTextView: 42fee2f684a8c98e61bc19579d274d7fc12b48ca
  MKNetworkKit: 79a362de7fdcae82b714c45e0003c52b3b6e53c8
  Mantle: aa9860e40cc365a094ef60fec46848fee7b03ca7
  Reachability: ba94ecd4eaa037be3d0588b38956672588530c5b
  SDWebImage: 8082fe8d658ccafaaecd9e5ecda12ed01f09ba9c
  SDWebImage/MapKit: 8082fe8d658ccafaaecd9e5ecda12ed01f09ba9c
  SVProgressHUD: 51042a14e3a716efdbdd73cbb2181fb23ee94389
  SVPullToRefresh: 61a0e4bd12bd6f8e3465909810b0fbeb1a28d5f2
  libextobjc/EXTKeyPathCoding: 2cbc74caf8bdc74a86fdf24673f773c83424ea98
  libextobjc/EXTScope: 2cbc74caf8bdc74a86fdf24673f773c83424ea98
  libextobjc/RuntimeExtensions: 2cbc74caf8bdc74a86fdf24673f773c83424ea98

COCOAPODS: 0.16.4
